<Solution>
  <Project Path="Task-Management/TaskManagement.API.csproj" />
  <Project Path="TaskManagement.BusinessLogic/TaskManagement.BusinessLogic.csproj" />
  <Project Path="TaskManagement.Domain/TaskManagement.Domain.csproj" />
  <Project Path="TaskManagement.Infrastructure/TaskManagement.Infrastructure.csproj" />
</Solution>
